Microsoft Visual Studio Solution File, Format Version 12.00
# Visual Studio 2012
Project("{FAE04EC0-301F-11D3-BF4B-00C04F79EFBC}") = "GeneticAlgorithm", "GeneticAlgorithm.csproj", "{706521B7-F333-44CD-BCA0-B9675FAB6F2B}"
EndProject
Project("{FAE04EC0-301F-11D3-BF4B-00C04F79EFBC}") = "GATest", "..\GATest\GATest.csproj", "{B239B372-2960-4B99-ACDE-758E70433AF6}"
EndProject
Global
	GlobalSection(SolutionConfigurationPlatforms) = preSolution
		Debug|Any CPU = Debug|Any CPU
		Release|Any CPU = Release|Any CPU
	EndGlobalSection
	GlobalSection(ProjectConfigurationPlatforms) = postSolution
		{706521B7-F333-44CD-BCA0-B9675FAB6F2B}.Debug|Any CPU.ActiveCfg = Debug|Any CPU
		{706521B7-F333-44CD-BCA0-B9675FAB6F2B}.Debug|Any CPU.Build.0 = Debug|Any CPU
		{706521B7-F333-44CD-BCA0-B9675FAB6F2B}.Release|Any CPU.ActiveCfg = Release|Any CPU
		{706521B7-F333-44CD-BCA0-B9675FAB6F2B}.Release|Any CPU.Build.0 = Release|Any CPU
		{B239B372-2960-4B99-ACDE-758E70433AF6}.Debug|Any CPU.ActiveCfg = Debug|Any CPU
		{B239B372-2960-4B99-ACDE-758E70433AF6}.Debug|Any CPU.Build.0 = Debug|Any CPU
		{B239B372-2960-4B99-ACDE-758E70433AF6}.Release|Any CPU.ActiveCfg = Release|Any CPU
		{B239B372-2960-4B99-ACDE-758E70433AF6}.Release|Any CPU.Build.0 = Release|Any CPU
	EndGlobalSection
	GlobalSection(SolutionProperties) = preSolution
		HideSolutionNode = FALSE
	EndGlobalSection
EndGlobal
